// !$*UTF8*$!
{
	archiveVersion = 1;
	classes = {
	};
	objectVersion = 56;
	objects = {

/* Begin PBXBuildFile section */
		5CFB3216290706EC00A2ABB1 /* AppDelegate.swift in Sources */ = {isa = PBXBuildFile; fileRef = 5CFB3215290706EC00A2ABB1 /* AppDelegate.swift */; };
		5CFB3218290706EC00A2ABB1 /* SceneDelegate.swift in Sources */ = {isa = PBXBuildFile; fileRef = 5CFB3217290706EC00A2ABB1 /* SceneDelegate.swift */; };
		5CFB3220290706EC00A2ABB1 /* MovieApp.xcdatamodeld in Sources */ = {isa = PBXBuildFile; fileRef = 5CFB321E290706EC00A2ABB1 /* MovieApp.xcdatamodeld */; };
		5CFB3222290706EC00A2ABB1 /* Assets.xcassets in Resources */ = {isa = PBXBuildFile; fileRef = 5CFB3221290706EC00A2ABB1 /* Assets.xcassets */; };
		5CFB3225290706EC00A2ABB1 /* LaunchScreen.storyboard in Resources */ = {isa = PBXBuildFile; fileRef = 5CFB3223290706EC00A2ABB1 /* LaunchScreen.storyboard */; };
		5CFB323329070F8D00A2ABB1 /* MovieHomeViewController.swift in Sources */ = {isa = PBXBuildFile; fileRef = 5CFB323229070F8D00A2ABB1 /* MovieHomeViewController.swift */; };
		5CFB323B290721DD00A2ABB1 /* SnapKit in Frameworks */ = {isa = PBXBuildFile; productRef = 5CFB323A290721DD00A2ABB1 /* SnapKit */; };
		5CFB323E290721F700A2ABB1 /* Alamofire in Frameworks */ = {isa = PBXBuildFile; productRef = 5CFB323D290721F700A2ABB1 /* Alamofire */; };
		5CFB32412907221800A2ABB1 /* Kingfisher in Frameworks */ = {isa = PBXBuildFile; productRef = 5CFB32402907221800A2ABB1 /* Kingfisher */; };
		5CFB32432907319A00A2ABB1 /* MovieModel.swift in Sources */ = {isa = PBXBuildFile; fileRef = 5CFB32422907319A00A2ABB1 /* MovieModel.swift */; };
/* End PBXBuildFile section */

/* Begin PBXFileReference section */
		5CFB3212290706EC00A2ABB1 /* MovieApp.app */ = {isa = PBXFileReference; explicitFileType = wrapper.application; includeInIndex = 0; path = MovieApp.app; sourceTree = BUILT_PRODUCTS_DIR; };
		5CFB3215290706EC00A2ABB1 /* AppDelegate.swift */ = {isa = PBXFileReference; lastKnownFileType = sourcecode.swift; path = AppDelegate.swift; sourceTree = "<group>"; };
		5CFB3217290706EC00A2ABB1 /* SceneDelegate.swift */ = {isa = PBXFileReference; lastKnownFileType = sourcecode.swift; path = SceneDelegate.swift; sourceTree = "<group>"; };
		5CFB321F290706EC00A2ABB1 /* MovieApp.xcdatamodel */ = {isa = PBXFileReference; lastKnownFileType = wrapper.xcdatamodel; path = MovieApp.xcdatamodel; sourceTree = "<group>"; };
		5CFB3221290706EC00A2ABB1 /* Assets.xcassets */ = {isa = PBXFileReference; lastKnownFileType = folder.assetcatalog; path = Assets.xcassets; sourceTree = "<group>"; };
		5CFB3224290706EC00A2ABB1 /* Base */ = {isa = PBXFileReference; lastKnownFileType = file.storyboard; name = Base; path = Base.lproj/LaunchScreen.storyboard; sourceTree = "<group>"; };
		5CFB3226290706EC00A2ABB1 /* Info.plist */ = {isa = PBXFileReference; lastKnownFileType = text.plist.xml; path = Info.plist; sourceTree = "<group>"; };
		5CFB323229070F8D00A2ABB1 /* MovieHomeViewController.swift */ = {isa = PBXFileReference; lastKnownFileType = sourcecode.swift; path = MovieHomeViewController.swift; sourceTree = "<group>"; };
		5CFB32422907319A00A2ABB1 /* MovieModel.swift */ = {isa = PBXFileReference; lastKnownFileType = sourcecode.swift; path = MovieModel.swift; sourceTree = "<group>"; };
/* End PBXFileReference section */

/* Begin PBXFrameworksBuildPhase section */
		5CFB320F290706EC00A2ABB1 /* Frameworks */ = {
			isa = PBXFrameworksBuildPhase;
			buildActionMask = 2147483647;
			files = (
				5CFB32412907221800A2ABB1 /* Kingfisher in Frameworks */,
				5CFB323B290721DD00A2ABB1 /* SnapKit in Frameworks */,
				5CFB323E290721F700A2ABB1 /* Alamofire in Frameworks */,
			);
			runOnlyForDeploymentPostprocessing = 0;
		};
/* End PBXFrameworksBuildPhase section */

/* Begin PBXGroup section */
		5CFB3209290706EC00A2ABB1 = {
			isa = PBXGroup;
			children = (
				5CFB3214290706EC00A2ABB1 /* MovieApp */,
				5CFB3213290706EC00A2ABB1 /* Products */,
			);
			sourceTree = "<group>";
		};
		5CFB3213290706EC00A2ABB1 /* Products */ = {
			isa = PBXGroup;
			children = (
				5CFB3212290706EC00A2ABB1 /* MovieApp.app */,
			);
			name = Products;
			sourceTree = "<group>";
		};
		5CFB3214290706EC00A2ABB1 /* MovieApp */ = {
			isa = PBXGroup;
			children = (
				5CFB32372907213700A2ABB1 /* Model */,
				5CFB3234290720D500A2ABB1 /* Service */,
				5CFB323129070D0600A2ABB1 /* Support */,
				5CFB323029070C8000A2ABB1 /* Resources */,
				5CFB322D29070C5A00A2ABB1 /* Scene */,
				5CFB322C29070C5400A2ABB1 /* App */,
				5CFB321E290706EC00A2ABB1 /* MovieApp.xcdatamodeld */,
			);
			path = MovieApp;
			sourceTree = "<group>";
		};
		5CFB322C29070C5400A2ABB1 /* App */ = {
			isa = PBXGroup;
			children = (
				5CFB3215290706EC00A2ABB1 /* AppDelegate.swift */,
				5CFB3217290706EC00A2ABB1 /* SceneDelegate.swift */,
			);
			path = App;
			sourceTree = "<group>";
		};
		5CFB322D29070C5A00A2ABB1 /* Scene */ = {
			isa = PBXGroup;
			children = (
				5CFB322F29070C6C00A2ABB1 /* Detail */,
				5CFB322E29070C6600A2ABB1 /* Home */,
			);
			path = Scene;
			sourceTree = "<group>";
		};
		5CFB322E29070C6600A2ABB1 /* Home */ = {
			isa = PBXGroup;
			children = (
				5CFB32382907215000A2ABB1 /* HomeViewModel */,
				5CFB323229070F8D00A2ABB1 /* MovieHomeViewController.swift */,
			);
			path = Home;
			sourceTree = "<group>";
		};
		5CFB322F29070C6C00A2ABB1 /* Detail */ = {
			isa = PBXGroup;
			children = (
			);
			path = Detail;
			sourceTree = "<group>";
		};
		5CFB323029070C8000A2ABB1 /* Resources */ = {
			isa = PBXGroup;
			children = (
				5CFB3221290706EC00A2ABB1 /* Assets.xcassets */,
				5CFB3223290706EC00A2ABB1 /* LaunchScreen.storyboard */,
			);
			path = Resources;
			sourceTree = "<group>";
		};
		5CFB323129070D0600A2ABB1 /* Support */ = {
			isa = PBXGroup;
			children = (
				5CFB3226290706EC00A2ABB1 /* Info.plist */,
			);
			path = Support;
			sourceTree = "<group>";
		};
		5CFB3234290720D500A2ABB1 /* Service */ = {
			isa = PBXGroup;
			children = (
				5CFB3236290720EA00A2ABB1 /* Service Manager */,
				5CFB3235290720DB00A2ABB1 /* Web Service */,
			);
			path = Service;
			sourceTree = "<group>";
		};
		5CFB3235290720DB00A2ABB1 /* Web Service */ = {
			isa = PBXGroup;
			children = (
			);
			path = "Web Service";
			sourceTree = "<group>";
		};
		5CFB3236290720EA00A2ABB1 /* Service Manager */ = {
			isa = PBXGroup;
			children = (
			);
			path = "Service Manager";
			sourceTree = "<group>";
		};
		5CFB32372907213700A2ABB1 /* Model */ = {
			isa = PBXGroup;
			children = (
				5CFB32422907319A00A2ABB1 /* MovieModel.swift */,
			);
			path = Model;
			sourceTree = "<group>";
		};
		5CFB32382907215000A2ABB1 /* HomeViewModel */ = {
			isa = PBXGroup;
			children = (
			);
			path = HomeViewModel;
			sourceTree = "<group>";
		};
/* End PBXGroup section */

/* Begin PBXNativeTarget section */
		5CFB3211290706EC00A2ABB1 /* MovieApp */ = {
			isa = PBXNativeTarget;
			buildConfigurationList = 5CFB3229290706EC00A2ABB1 /* Build configuration list for PBXNativeTarget "MovieApp" */;
			buildPhases = (
				5CFB320E290706EC00A2ABB1 /* Sources */,
				5CFB320F290706EC00A2ABB1 /* Frameworks */,
				5CFB3210290706EC00A2ABB1 /* Resources */,
			);
			buildRules = (
			);
			dependencies = (
			);
			name = MovieApp;
			packageProductDependencies = (
				5CFB323A290721DD00A2ABB1 /* SnapKit */,
				5CFB323D290721F700A2ABB1 /* Alamofire */,
				5CFB32402907221800A2ABB1 /* Kingfisher */,
			);
			productName = MovieApp;
			productReference = 5CFB3212290706EC00A2ABB1 /* MovieApp.app */;
			productType = "com.apple.product-type.application";
		};
/* End PBXNativeTarget section */

/* Begin PBXProject section */
		5CFB320A290706EC00A2ABB1 /* Project object */ = {
			isa = PBXProject;
			attributes = {
				BuildIndependentTargetsInParallel = 1;
				LastSwiftUpdateCheck = 1400;
				LastUpgradeCheck = 1400;
				TargetAttributes = {
					5CFB3211290706EC00A2ABB1 = {
						CreatedOnToolsVersion = 14.0.1;
					};
				};
			};
			buildConfigurationList = 5CFB320D290706EC00A2ABB1 /* Build configuration list for PBXProject "MovieApp" */;
			compatibilityVersion = "Xcode 14.0";
			developmentRegion = en;
			hasScannedForEncodings = 0;
			knownRegions = (
				en,
				Base,
			);
			mainGroup = 5CFB3209290706EC00A2ABB1;
			packageReferences = (
				5CFB3239290721DD00A2ABB1 /* XCRemoteSwiftPackageReference "SnapKit" */,
				5CFB323C290721F700A2ABB1 /* XCRemoteSwiftPackageReference "Alamofire" */,
				5CFB323F2907221800A2ABB1 /* XCRemoteSwiftPackageReference "Kingfisher" */,
			);
			productRefGroup = 5CFB3213290706EC00A2ABB1 /* Products */;
			projectDirPath = "";
			projectRoot = "";
			targets = (
				5CFB3211290706EC00A2ABB1 /* MovieApp */,
			);
		};
/* End PBXProject section */

/* Begin PBXResourcesBuildPhase section */
		5CFB3210290706EC00A2ABB1 /* Resources */ = {
			isa = PBXResourcesBuildPhase;
			buildActionMask = 2147483647;
			files = (
				5CFB3225290706EC00A2ABB1 /* LaunchScreen.storyboard in Resources */,
				5CFB3222290706EC00A2ABB1 /* Assets.xcassets in Resources */,
			);
			runOnlyForDeploymentPostprocessing = 0;
		};
/* End PBXResourcesBuildPhase section */

/* Begin PBXSourcesBuildPhase section */
		5CFB320E290706EC00A2ABB1 /* Sources */ = {
			isa = PBXSourcesBuildPhase;
			buildActionMask = 2147483647;
			files = (
				5CFB323329070F8D00A2ABB1 /* MovieHomeViewController.swift in Sources */,
				5CFB3216290706EC00A2ABB1 /* AppDelegate.swift in Sources */,
				5CFB32432907319A00A2ABB1 /* MovieModel.swift in Sources */,
				5CFB3220290706EC00A2ABB1 /* MovieApp.xcdatamodeld in Sources */,
				5CFB3218290706EC00A2ABB1 /* SceneDelegate.swift in Sources */,
			);
			runOnlyForDeploymentPostprocessing = 0;
		};
/* End PBXSourcesBuildPhase section */

/* Begin PBXVariantGroup section */
		5CFB3223290706EC00A2ABB1 /* LaunchScreen.storyboard */ = {
			isa = PBXVariantGroup;
			children = (
				5CFB3224290706EC00A2ABB1 /* Base */,
			);
			name = LaunchScreen.storyboard;
			sourceTree = "<group>";
		};
/* End PBXVariantGroup section */

/* Begin XCBuildConfiguration section */
		5CFB3227290706EC00A2ABB1 /* Debug */ = {
			isa = XCBuildConfiguration;
			buildSettings = {
				ALWAYS_SEARCH_USER_PATHS = NO;
				CLANG_ANALYZER_NONNULL = YES;
				CLANG_ANALYZER_NUMBER_OBJECT_CONVERSION = YES_AGGRESSIVE;
				CLANG_CXX_LANGUAGE_STANDARD = "gnu++20";
				CLANG_ENABLE_MODULES = YES;
				CLANG_ENABLE_OBJC_ARC = YES;
				CLANG_ENABLE_OBJC_WEAK = YES;
				CLANG_WARN_BLOCK_CAPTURE_AUTORELEASING = YES;
				CLANG_WARN_BOOL_CONVERSION = YES;
				CLANG_WARN_COMMA = YES;
				CLANG_WARN_CONSTANT_CONVERSION = YES;
				CLANG_WARN_DEPRECATED_OBJC_IMPLEMENTATIONS = YES;
				CLANG_WARN_DIRECT_OBJC_ISA_USAGE = YES_ERROR;
				CLANG_WARN_DOCUMENTATION_COMMENTS = YES;
				CLANG_WARN_EMPTY_BODY = YES;
				CLANG_WARN_ENUM_CONVERSION = YES;
				CLANG_WARN_INFINITE_RECURSION = YES;
				CLANG_WARN_INT_CONVERSION = YES;
				CLANG_WARN_NON_LITERAL_NULL_CONVERSION = YES;
				CLANG_WARN_OBJC_IMPLICIT_RETAIN_SELF = YES;
				CLANG_WARN_OBJC_LITERAL_CONVERSION = YES;
				CLANG_WARN_OBJC_ROOT_CLASS = YES_ERROR;
				CLANG_WARN_QUOTED_INCLUDE_IN_FRAMEWORK_HEADER = YES;
				CLANG_WARN_RANGE_LOOP_ANALYSIS = YES;
				CLANG_WARN_STRICT_PROTOTYPES = YES;
				CLANG_WARN_SUSPICIOUS_MOVE = YES;
				CLANG_WARN_UNGUARDED_AVAILABILITY = YES_AGGRESSIVE;
				CLANG_WARN_UNREACHABLE_CODE = YES;
				CLANG_WARN__DUPLICATE_METHOD_MATCH = YES;
				COPY_PHASE_STRIP = NO;
				DEBUG_INFORMATION_FORMAT = dwarf;
				ENABLE_STRICT_OBJC_MSGSEND = YES;
				ENABLE_TESTABILITY = YES;
				GCC_C_LANGUAGE_STANDARD = gnu11;
				GCC_DYNAMIC_NO_PIC = NO;
				GCC_NO_COMMON_BLOCKS = YES;
				GCC_OPTIMIZATION_LEVEL = 0;
				GCC_PREPROCESSOR_DEFINITIONS = (
					"DEBUG=1",
					"$(inherited)",
				);
				GCC_WARN_64_TO_32_BIT_CONVERSION = YES;
				GCC_WARN_ABOUT_RETURN_TYPE = YES_ERROR;
				GCC_WARN_UNDECLARED_SELECTOR = YES;
				GCC_WARN_UNINITIALIZED_AUTOS = YES_AGGRESSIVE;
				GCC_WARN_UNUSED_FUNCTION = YES;
				GCC_WARN_UNUSED_VARIABLE = YES;
				IPHONEOS_DEPLOYMENT_TARGET = 16.0;
				MTL_ENABLE_DEBUG_INFO = INCLUDE_SOURCE;
				MTL_FAST_MATH = YES;
				ONLY_ACTIVE_ARCH = YES;
				SDKROOT = iphoneos;
				SWIFT_ACTIVE_COMPILATION_CONDITIONS = DEBUG;
				SWIFT_OPTIMIZATION_LEVEL = "-Onone";
			};
			name = Debug;
		};
		5CFB3228290706EC00A2ABB1 /* Release */ = {
			isa = XCBuildConfiguration;
			buildSettings = {
				ALWAYS_SEARCH_USER_PATHS = NO;
				CLANG_ANALYZER_NONNULL = YES;
				CLANG_ANALYZER_NUMBER_OBJECT_CONVERSION = YES_AGGRESSIVE;
				CLANG_CXX_LANGUAGE_STANDARD = "gnu++20";
				CLANG_ENABLE_MODULES = YES;
				CLANG_ENABLE_OBJC_ARC = YES;
				CLANG_ENABLE_OBJC_WEAK = YES;
				CLANG_WARN_BLOCK_CAPTURE_AUTORELEASING = YES;
				CLANG_WARN_BOOL_CONVERSION = YES;
				CLANG_WARN_COMMA = YES;
				CLANG_WARN_CONSTANT_CONVERSION = YES;
				CLANG_WARN_DEPRECATED_OBJC_IMPLEMENTATIONS = YES;
				CLANG_WARN_DIRECT_OBJC_ISA_USAGE = YES_ERROR;
				CLANG_WARN_DOCUMENTATION_COMMENTS = YES;
				CLANG_WARN_EMPTY_BODY = YES;
				CLANG_WARN_ENUM_CONVERSION = YES;
				CLANG_WARN_INFINITE_RECURSION = YES;
				CLANG_WARN_INT_CONVERSION = YES;
				CLANG_WARN_NON_LITERAL_NULL_CONVERSION = YES;
				CLANG_WARN_OBJC_IMPLICIT_RETAIN_SELF = YES;
				CLANG_WARN_OBJC_LITERAL_CONVERSION = YES;
				CLANG_WARN_OBJC_ROOT_CLASS = YES_ERROR;
				CLANG_WARN_QUOTED_INCLUDE_IN_FRAMEWORK_HEADER = YES;
				CLANG_WARN_RANGE_LOOP_ANALYSIS = YES;
				CLANG_WARN_STRICT_PROTOTYPES = YES;
				CLANG_WARN_SUSPICIOUS_MOVE = YES;
				CLANG_WARN_UNGUARDED_AVAILABILITY = YES_AGGRESSIVE;
				CLANG_WARN_UNREACHABLE_CODE = YES;
				CLANG_WARN__DUPLICATE_METHOD_MATCH = YES;
				COPY_PHASE_STRIP = NO;
				DEBUG_INFORMATION_FORMAT = "dwarf-with-dsym";
				ENABLE_NS_ASSERTIONS = NO;
				ENABLE_STRICT_OBJC_MSGSEND = YES;
				GCC_C_LANGUAGE_STANDARD = gnu11;
				GCC_NO_COMMON_BLOCKS = YES;
				GCC_WARN_64_TO_32_BIT_CONVERSION = YES;
				GCC_WARN_ABOUT_RETURN_TYPE = YES_ERROR;
				GCC_WARN_UNDECLARED_SELECTOR = YES;
				GCC_WARN_UNINITIALIZED_AUTOS = YES_AGGRESSIVE;
				GCC_WARN_UNUSED_FUNCTION = YES;
				GCC_WARN_UNUSED_VARIABLE = YES;
				IPHONEOS_DEPLOYMENT_TARGET = 16.0;
				MTL_ENABLE_DEBUG_INFO = NO;
				MTL_FAST_MATH = YES;
				SDKROOT = iphoneos;
				SWIFT_COMPILATION_MODE = wholemodule;
				SWIFT_OPTIMIZATION_LEVEL = "-O";
				VALIDATE_PRODUCT = YES;
			};
			name = Release;
		};
		5CFB322A290706EC00A2ABB1 /* Debug */ = {
			isa = XCBuildConfiguration;
			buildSettings = {
				ASSETCATALOG_COMPILER_APPICON_NAME = AppIcon;
				ASSETCATALOG_COMPILER_GLOBAL_ACCENT_COLOR_NAME = AccentColor;
				CODE_SIGN_STYLE = Automatic;
				CURRENT_PROJECT_VERSION = 1;
				DEVELOPMENT_TEAM = 6N4HMYH8YX;
				GENERATE_INFOPLIST_FILE = YES;
				INFOPLIST_FILE = MovieApp/Support/Info.plist;
				INFOPLIST_KEY_UIApplicationSupportsIndirectInputEvents = YES;
				INFOPLIST_KEY_UILaunchStoryboardName = LaunchScreen;
				INFOPLIST_KEY_UIStatusBarStyle = "";
				INFOPLIST_KEY_UISupportedInterfaceOrientations = UIInterfaceOrientationPortrait;
				INFOPLIST_KEY_UISupportedInterfaceOrientations_iPad = "UIInterfaceOrientationLandscapeLeft UIInterfaceOrientationLandscapeRight UIInterfaceOrientationPortrait UIInterfaceOrientationPortraitUpsideDown";
				IPHONEOS_DEPLOYMENT_TARGET = 13.0;
				LD_RUNPATH_SEARCH_PATHS = (
					"$(inherited)",
					"@executable_path/Frameworks",
				);
				MARKETING_VERSION = 1.0.1;
				PRODUCT_BUNDLE_IDENTIFIER = com.turancabuk.MovieApp;
				PRODUCT_NAME = "$(TARGET_NAME)";
				SUPPORTED_PLATFORMS = "iphoneos iphonesimulator";
				SUPPORTS_MACCATALYST = NO;
				SUPPORTS_MAC_DESIGNED_FOR_IPHONE_IPAD = YES;
				SWIFT_EMIT_LOC_STRINGS = YES;
				SWIFT_VERSION = 5.0;
				TARGETED_DEVICE_FAMILY = 1;
			};
			name = Debug;
		};
		5CFB322B290706EC00A2ABB1 /* Release */ = {
			isa = XCBuildConfiguration;
			buildSettings = {
				ASSETCATALOG_COMPILER_APPICON_NAME = AppIcon;
				ASSETCATALOG_COMPILER_GLOBAL_ACCENT_COLOR_NAME = AccentColor;
				CODE_SIGN_STYLE = Automatic;
				CURRENT_PROJECT_VERSION = 1;
				DEVELOPMENT_TEAM = 6N4HMYH8YX;
				GENERATE_INFOPLIST_FILE = YES;
				INFOPLIST_FILE = MovieApp/Support/Info.plist;
				INFOPLIST_KEY_UIApplicationSupportsIndirectInputEvents = YES;
				INFOPLIST_KEY_UILaunchStoryboardName = LaunchScreen;
				INFOPLIST_KEY_UIStatusBarStyle = "";
				INFOPLIST_KEY_UISupportedInterfaceOrientations = UIInterfaceOrientationPortrait;
				INFOPLIST_KEY_UISupportedInterfaceOrientations_iPad = "UIInterfaceOrientationLandscapeLeft UIInterfaceOrientationLandscapeRight UIInterfaceOrientationPortrait UIInterfaceOrientationPortraitUpsideDown";
				IPHONEOS_DEPLOYMENT_TARGET = 13.0;
				LD_RUNPATH_SEARCH_PATHS = (
					"$(inherited)",
					"@executable_path/Frameworks",
				);
				MARKETING_VERSION = 1.0.1;
				PRODUCT_BUNDLE_IDENTIFIER = com.turancabuk.MovieApp;
				PRODUCT_NAME = "$(TARGET_NAME)";
				SUPPORTED_PLATFORMS = "iphoneos iphonesimulator";
				SUPPORTS_MACCATALYST = NO;
				SUPPORTS_MAC_DESIGNED_FOR_IPHONE_IPAD = YES;
				SWIFT_EMIT_LOC_STRINGS = YES;
				SWIFT_VERSION = 5.0;
				TARGETED_DEVICE_FAMILY = 1;
			};
			name = Release;
		};
/* End XCBuildConfiguration section */

/* Begin XCConfigurationList section */
		5CFB320D290706EC00A2ABB1 /* Build configuration list for PBXProject "MovieApp" */ = {
			isa = XCConfigurationList;
			buildConfigurations = (
				5CFB3227290706EC00A2ABB1 /* Debug */,
				5CFB3228290706EC00A2ABB1 /* Release */,
			);
			defaultConfigurationIsVisible = 0;
			defaultConfigurationName = Release;
		};
		5CFB3229290706EC00A2ABB1 /* Build configuration list for PBXNativeTarget "MovieApp" */ = {
			isa = XCConfigurationList;
			buildConfigurations = (
				5CFB322A290706EC00A2ABB1 /* Debug */,
				5CFB322B290706EC00A2ABB1 /* Release */,
			);
			defaultConfigurationIsVisible = 0;
			defaultConfigurationName = Release;
		};
/* End XCConfigurationList section */

/* Begin XCRemoteSwiftPackageReference section */
		5CFB3239290721DD00A2ABB1 /* XCRemoteSwiftPackageReference "SnapKit" */ = {
			isa = XCRemoteSwiftPackageReference;
			repositoryURL = "https://github.com/SnapKit/SnapKit.git";
			requirement = {
				kind = upToNextMajorVersion;
				minimumVersion = 5.0.0;
			};
		};
		5CFB323C290721F700A2ABB1 /* XCRemoteSwiftPackageReference "Alamofire" */ = {
			isa = XCRemoteSwiftPackageReference;
			repositoryURL = "https://github.com/Alamofire/Alamofire.git";
			requirement = {
				branch = master;
				kind = branch;
			};
		};
		5CFB323F2907221800A2ABB1 /* XCRemoteSwiftPackageReference "Kingfisher" */ = {
			isa = XCRemoteSwiftPackageReference;
			repositoryURL = "https://github.com/onevcat/Kingfisher.git";
			requirement = {
				branch = master;
				kind = branch;
			};
		};
/* End XCRemoteSwiftPackageReference section */

/* Begin XCSwiftPackageProductDependency section */
		5CFB323A290721DD00A2ABB1 /* SnapKit */ = {
			isa = XCSwiftPackageProductDependency;
			package = 5CFB3239290721DD00A2ABB1 /* XCRemoteSwiftPackageReference "SnapKit" */;
			productName = SnapKit;
		};
		5CFB323D290721F700A2ABB1 /* Alamofire */ = {
			isa = XCSwiftPackageProductDependency;
			package = 5CFB323C290721F700A2ABB1 /* XCRemoteSwiftPackageReference "Alamofire" */;
			productName = Alamofire;
		};
		5CFB32402907221800A2ABB1 /* Kingfisher */ = {
			isa = XCSwiftPackageProductDependency;
			package = 5CFB323F2907221800A2ABB1 /* XCRemoteSwiftPackageReference "Kingfisher" */;
			productName = Kingfisher;
		};
/* End XCSwiftPackageProductDependency section */

/* Begin XCVersionGroup section */
		5CFB321E290706EC00A2ABB1 /* MovieApp.xcdatamodeld */ = {
			isa = XCVersionGroup;
			children = (
				5CFB321F290706EC00A2ABB1 /* MovieApp.xcdatamodel */,
			);
			currentVersion = 5CFB321F290706EC00A2ABB1 /* MovieApp.xcdatamodel */;
			path = MovieApp.xcdatamodeld;
			sourceTree = "<group>";
			versionGroupType = wrapper.xcdatamodel;
		};
/* End XCVersionGroup section */
	};
	rootObject = 5CFB320A290706EC00A2ABB1 /* Project object */;
}
